
Microsoft Visual Studio Solution File, Format Version 12.00
# Visual Studio Version 16
VisualStudioVersion = 16.0.31313.79
MinimumVisualStudioVersion = 10.0.40219.1
Project("{FAE04EC0-301F-11D3-BF4B-00C04F79EFBC}") = "Mellow Music Player", "Mellow Music Player\Mellow Music Player.csproj", "{36E2EE29-2CB8-466A-988C-B5DB31749858}"
EndProject
Global
	GlobalSection(SolutionConfigurationPlatforms) = preSolution
		Debug|Any CPU = Debug|Any CPU
		Release|Any CPU = Release|Any CPU
	EndGlobalSection
	GlobalSection(ProjectConfigurationPlatforms) = postSolution
		{36E2EE29-2CB8-466A-988C-B5DB31749858}.Debug|Any CPU.ActiveCfg = Debug|Any CPU
		{36E2EE29-2CB8-466A-988C-B5DB31749858}.Debug|Any CPU.Build.0 = Debug|Any CPU
		{36E2EE29-2CB8-466A-988C-B5DB31749858}.Release|Any CPU.ActiveCfg = Release|Any CPU
		{36E2EE29-2CB8-466A-988C-B5DB31749858}.Release|Any CPU.Build.0 = Release|Any CPU
	EndGlobalSection
	GlobalSection(SolutionProperties) = preSolution
		HideSolutionNode = FALSE
	EndGlobalSection
	GlobalSection(ExtensibilityGlobals) = postSolution
		SolutionGuid = {CCCABC6E-DBD6-4960-B963-C4FEB74E2031}
	EndGlobalSection
EndGlobal
